
Microsoft Visual Studio Solution File, Format Version 12.00
# Visual Studio 15
VisualStudioVersion = 15.0.26124.0
MinimumVisualStudioVersion = 15.0.26124.0
Project("{FAE04EC0-301F-11D3-BF4B-00C04F79EFBC}") = "Web_PL", "Web_PL\Web_PL.csproj", "{C3653490-B2F8-4747-ACAE-FB4A1A577E48}"
EndProject
Project("{FAE04EC0-301F-11D3-BF4B-00C04F79EFBC}") = "BL", "BL\BL.csproj", "{1208CB75-929B-4139-A56E-525BC984B531}"
EndProject
Project("{FAE04EC0-301F-11D3-BF4B-00C04F79EFBC}") = "DAL", "DAL\DAL.csproj", "{9E096F3B-B2A1-43E0-B4B6-52110510BF67}"
EndProject
Project("{FAE04EC0-301F-11D3-BF4B-00C04F79EFBC}") = "Persistence", "Persistence\Persistence.csproj", "{02DB7516-FBBC-4C66-A582-7E0CDA88BEBE}"
EndProject
Project("{FAE04EC0-301F-11D3-BF4B-00C04F79EFBC}") = "XunitDAL", "XunitDAL\XunitDAL.csproj", "{C3FE5EB1-4847-450B-8639-F9DF39968144}"
EndProject
Project("{FAE04EC0-301F-11D3-BF4B-00C04F79EFBC}") = "XunitBL", "XunitBL\XunitBL.csproj", "{D17FA6D1-96D6-40B0-A2D5-A87150A5C339}"
EndProject
Global
	GlobalSection(SolutionConfigurationPlatforms) = preSolution
		Debug|Any CPU = Debug|Any CPU
		Debug|x64 = Debug|x64
		Debug|x86 = Debug|x86
		Release|Any CPU = Release|Any CPU
		Release|x64 = Release|x64
		Release|x86 = Release|x86
	EndGlobalSection
	GlobalSection(SolutionProperties) = preSolution
		HideSolutionNode = FALSE
	EndGlobalSection
	GlobalSection(ProjectConfigurationPlatforms) = postSolution
		{C3653490-B2F8-4747-ACAE-FB4A1A577E48}.Debug|Any CPU.ActiveCfg = Debug|Any CPU
		{C3653490-B2F8-4747-ACAE-FB4A1A577E48}.Debug|Any CPU.Build.0 = Debug|Any CPU
		{C3653490-B2F8-4747-ACAE-FB4A1A577E48}.Debug|x64.ActiveCfg = Debug|Any CPU
		{C3653490-B2F8-4747-ACAE-FB4A1A577E48}.Debug|x64.Build.0 = Debug|Any CPU
		{C3653490-B2F8-4747-ACAE-FB4A1A577E48}.Debug|x86.ActiveCfg = Debug|Any CPU
		{C3653490-B2F8-4747-ACAE-FB4A1A577E48}.Debug|x86.Build.0 = Debug|Any CPU
		{C3653490-B2F8-4747-ACAE-FB4A1A577E48}.Release|Any CPU.ActiveCfg = Release|Any CPU
		{C3653490-B2F8-4747-ACAE-FB4A1A577E48}.Release|Any CPU.Build.0 = Release|Any CPU
		{C3653490-B2F8-4747-ACAE-FB4A1A577E48}.Release|x64.ActiveCfg = Release|Any CPU
		{C3653490-B2F8-4747-ACAE-FB4A1A577E48}.Release|x64.Build.0 = Release|Any CPU
		{C3653490-B2F8-4747-ACAE-FB4A1A577E48}.Release|x86.ActiveCfg = Release|Any CPU
		{C3653490-B2F8-4747-ACAE-FB4A1A577E48}.Release|x86.Build.0 = Release|Any CPU
		{1208CB75-929B-4139-A56E-525BC984B531}.Debug|Any CPU.ActiveCfg = Debug|Any CPU
		{1208CB75-929B-4139-A56E-525BC984B531}.Debug|Any CPU.Build.0 = Debug|Any CPU
		{1208CB75-929B-4139-A56E-525BC984B531}.Debug|x64.ActiveCfg = Debug|Any CPU
		{1208CB75-929B-4139-A56E-525BC984B531}.Debug|x64.Build.0 = Debug|Any CPU
		{1208CB75-929B-4139-A56E-525BC984B531}.Debug|x86.ActiveCfg = Debug|Any CPU
		{1208CB75-929B-4139-A56E-525BC984B531}.Debug|x86.Build.0 = Debug|Any CPU
		{1208CB75-929B-4139-A56E-525BC984B531}.Release|Any CPU.ActiveCfg = Release|Any CPU
		{1208CB75-929B-4139-A56E-525BC984B531}.Release|Any CPU.Build.0 = Release|Any CPU
		{1208CB75-929B-4139-A56E-525BC984B531}.Release|x64.ActiveCfg = Release|Any CPU
		{1208CB75-929B-4139-A56E-525BC984B531}.Release|x64.Build.0 = Release|Any CPU
		{1208CB75-929B-4139-A56E-525BC984B531}.Release|x86.ActiveCfg = Release|Any CPU
		{1208CB75-929B-4139-A56E-525BC984B531}.Release|x86.Build.0 = Release|Any CPU
		{9E096F3B-B2A1-43E0-B4B6-52110510BF67}.Debug|Any CPU.ActiveCfg = Debug|Any CPU
		{9E096F3B-B2A1-43E0-B4B6-52110510BF67}.Debug|Any CPU.Build.0 = Debug|Any CPU
		{9E096F3B-B2A1-43E0-B4B6-52110510BF67}.Debug|x64.ActiveCfg = Debug|Any CPU
		{9E096F3B-B2A1-43E0-B4B6-52110510BF67}.Debug|x64.Build.0 = Debug|Any CPU
		{9E096F3B-B2A1-43E0-B4B6-52110510BF67}.Debug|x86.ActiveCfg = Debug|Any CPU
		{9E096F3B-B2A1-43E0-B4B6-52110510BF67}.Debug|x86.Build.0 = Debug|Any CPU
		{9E096F3B-B2A1-43E0-B4B6-52110510BF67}.Release|Any CPU.ActiveCfg = Release|Any CPU
		{9E096F3B-B2A1-43E0-B4B6-52110510BF67}.Release|Any CPU.Build.0 = Release|Any CPU
		{9E096F3B-B2A1-43E0-B4B6-52110510BF67}.Release|x64.ActiveCfg = Release|Any CPU
		{9E096F3B-B2A1-43E0-B4B6-52110510BF67}.Release|x64.Build.0 = Release|Any CPU
		{9E096F3B-B2A1-43E0-B4B6-52110510BF67}.Release|x86.ActiveCfg = Release|Any CPU
		{9E096F3B-B2A1-43E0-B4B6-52110510BF67}.Release|x86.Build.0 = Release|Any CPU
		{02DB7516-FBBC-4C66-A582-7E0CDA88BEBE}.Debug|Any CPU.ActiveCfg = Debug|Any CPU
		{02DB7516-FBBC-4C66-A582-7E0CDA88BEBE}.Debug|Any CPU.Build.0 = Debug|Any CPU
		{02DB7516-FBBC-4C66-A582-7E0CDA88BEBE}.Debug|x64.ActiveCfg = Debug|Any CPU
		{02DB7516-FBBC-4C66-A582-7E0CDA88BEBE}.Debug|x64.Build.0 = Debug|Any CPU
		{02DB7516-FBBC-4C66-A582-7E0CDA88BEBE}.Debug|x86.ActiveCfg = Debug|Any CPU
		{02DB7516-FBBC-4C66-A582-7E0CDA88BEBE}.Debug|x86.Build.0 = Debug|Any CPU
		{02DB7516-FBBC-4C66-A582-7E0CDA88BEBE}.Release|Any CPU.ActiveCfg = Release|Any CPU
		{02DB7516-FBBC-4C66-A582-7E0CDA88BEBE}.Release|Any CPU.Build.0 = Release|Any CPU
		{02DB7516-FBBC-4C66-A582-7E0CDA88BEBE}.Release|x64.ActiveCfg = Release|Any CPU
		{02DB7516-FBBC-4C66-A582-7E0CDA88BEBE}.Release|x64.Build.0 = Release|Any CPU
		{02DB7516-FBBC-4C66-A582-7E0CDA88BEBE}.Release|x86.ActiveCfg = Release|Any CPU
		{02DB7516-FBBC-4C66-A582-7E0CDA88BEBE}.Release|x86.Build.0 = Release|Any CPU
		{C3FE5EB1-4847-450B-8639-F9DF39968144}.Debug|Any CPU.ActiveCfg = Debug|Any CPU
		{C3FE5EB1-4847-450B-8639-F9DF39968144}.Debug|Any CPU.Build.0 = Debug|Any CPU
		{C3FE5EB1-4847-450B-8639-F9DF39968144}.Debug|x64.ActiveCfg = Debug|Any CPU
		{C3FE5EB1-4847-450B-8639-F9DF39968144}.Debug|x64.Build.0 = Debug|Any CPU
		{C3FE5EB1-4847-450B-8639-F9DF39968144}.Debug|x86.ActiveCfg = Debug|Any CPU
		{C3FE5EB1-4847-450B-8639-F9DF39968144}.Debug|x86.Build.0 = Debug|Any CPU
		{C3FE5EB1-4847-450B-8639-F9DF39968144}.Release|Any CPU.ActiveCfg = Release|Any CPU
		{C3FE5EB1-4847-450B-8639-F9DF39968144}.Release|Any CPU.Build.0 = Release|Any CPU
		{C3FE5EB1-4847-450B-8639-F9DF39968144}.Release|x64.ActiveCfg = Release|Any CPU
		{C3FE5EB1-4847-450B-8639-F9DF39968144}.Release|x64.Build.0 = Release|Any CPU
		{C3FE5EB1-4847-450B-8639-F9DF39968144}.Release|x86.ActiveCfg = Release|Any CPU
		{C3FE5EB1-4847-450B-8639-F9DF39968144}.Release|x86.Build.0 = Release|Any CPU
		{D17FA6D1-96D6-40B0-A2D5-A87150A5C339}.Debug|Any CPU.ActiveCfg = Debug|Any CPU
		{D17FA6D1-96D6-40B0-A2D5-A87150A5C339}.Debug|Any CPU.Build.0 = Debug|Any CPU
		{D17FA6D1-96D6-40B0-A2D5-A87150A5C339}.Debug|x64.ActiveCfg = Debug|Any CPU
		{D17FA6D1-96D6-40B0-A2D5-A87150A5C339}.Debug|x64.Build.0 = Debug|Any CPU
		{D17FA6D1-96D6-40B0-A2D5-A87150A5C339}.Debug|x86.ActiveCfg = Debug|Any CPU
		{D17FA6D1-96D6-40B0-A2D5-A87150A5C339}.Debug|x86.Build.0 = Debug|Any CPU
		{D17FA6D1-96D6-40B0-A2D5-A87150A5C339}.Release|Any CPU.ActiveCfg = Release|Any CPU
		{D17FA6D1-96D6-40B0-A2D5-A87150A5C339}.Release|Any CPU.Build.0 = Release|Any CPU
		{D17FA6D1-96D6-40B0-A2D5-A87150A5C339}.Release|x64.ActiveCfg = Release|Any CPU
		{D17FA6D1-96D6-40B0-A2D5-A87150A5C339}.Release|x64.Build.0 = Release|Any CPU
		{D17FA6D1-96D6-40B0-A2D5-A87150A5C339}.Release|x86.ActiveCfg = Release|Any CPU
		{D17FA6D1-96D6-40B0-A2D5-A87150A5C339}.Release|x86.Build.0 = Release|Any CPU
	EndGlobalSection
EndGlobal
